
Microsoft Visual Studio Solution File, Format Version 12.00
# Visual Studio Version 17
VisualStudioVersion = 17.12.35506.116 d17.12
MinimumVisualStudioVersion = 10.0.40219.1
Project("{FAE04EC0-301F-11D3-BF4B-00C04F79EFBC}") = "ProvaPractica2", "ProvaPractica2\ProvaPractica2.csproj", "{821886F1-811A-4334-AEC2-5FE5D15DC0F1}"
EndProject
Project("{FAE04EC0-301F-11D3-BF4B-00C04F79EFBC}") = "UtilsLibrary", "UtilsLibrary\UtilsLibrary.csproj", "{D43BE098-3E05-49D1-BE3D-6D05C3297C9D}"
EndProject
Global
	GlobalSection(SolutionConfigurationPlatforms) = preSolution
		Debug|Any CPU = Debug|Any CPU
		Release|Any CPU = Release|Any CPU
	EndGlobalSection
	GlobalSection(ProjectConfigurationPlatforms) = postSolution
		{821886F1-811A-4334-AEC2-5FE5D15DC0F1}.Debug|Any CPU.ActiveCfg = Debug|Any CPU
		{821886F1-811A-4334-AEC2-5FE5D15DC0F1}.Debug|Any CPU.Build.0 = Debug|Any CPU
		{821886F1-811A-4334-AEC2-5FE5D15DC0F1}.Release|Any CPU.ActiveCfg = Release|Any CPU
		{821886F1-811A-4334-AEC2-5FE5D15DC0F1}.Release|Any CPU.Build.0 = Release|Any CPU
		{D43BE098-3E05-49D1-BE3D-6D05C3297C9D}.Debug|Any CPU.ActiveCfg = Debug|Any CPU
		{D43BE098-3E05-49D1-BE3D-6D05C3297C9D}.Debug|Any CPU.Build.0 = Debug|Any CPU
		{D43BE098-3E05-49D1-BE3D-6D05C3297C9D}.Release|Any CPU.ActiveCfg = Release|Any CPU
		{D43BE098-3E05-49D1-BE3D-6D05C3297C9D}.Release|Any CPU.Build.0 = Release|Any CPU
	EndGlobalSection
	GlobalSection(SolutionProperties) = preSolution
		HideSolutionNode = FALSE
	EndGlobalSection
EndGlobal
